
Microsoft Visual Studio Solution File, Format Version 12.00
Project("{FAE04EC0-301F-11D3-BF4B-00C04F79EFBC}") = "RocketLearning", "RocketLearning\RocketLearning.csproj", "{61FACC1A-D8F4-4F1B-BCFB-871D6D26A5C8}"
EndProject
Project("{FAE04EC0-301F-11D3-BF4B-00C04F79EFBC}") = "Game", "Game\Game.csproj", "{77AF79A9-CF02-4C03-94CB-0C5E8301D7C2}"
EndProject
Project("{FAE04EC0-301F-11D3-BF4B-00C04F79EFBC}") = "Agent", "Agent\Agent.csproj", "{7486B53A-05B8-4E47-854D-3219AE89FFD6}"
EndProject
Project("{FAE04EC0-301F-11D3-BF4B-00C04F79EFBC}") = "UI", "UI\UI.csproj", "{7FE674F2-C40E-4C83-A575-363840C0ECDC}"
EndProject
Project("{FAE04EC0-301F-11D3-BF4B-00C04F79EFBC}") = "RL", "RL\RL.csproj", "{220D60B1-1F2D-441D-A5D2-A5A04177E9B8}"
EndProject
Global
	GlobalSection(SolutionConfigurationPlatforms) = preSolution
		Debug|Any CPU = Debug|Any CPU
		Release|Any CPU = Release|Any CPU
	EndGlobalSection
	GlobalSection(ProjectConfigurationPlatforms) = postSolution
		{61FACC1A-D8F4-4F1B-BCFB-871D6D26A5C8}.Debug|Any CPU.ActiveCfg = Debug|Any CPU
		{61FACC1A-D8F4-4F1B-BCFB-871D6D26A5C8}.Debug|Any CPU.Build.0 = Debug|Any CPU
		{61FACC1A-D8F4-4F1B-BCFB-871D6D26A5C8}.Release|Any CPU.ActiveCfg = Release|Any CPU
		{61FACC1A-D8F4-4F1B-BCFB-871D6D26A5C8}.Release|Any CPU.Build.0 = Release|Any CPU
		{77AF79A9-CF02-4C03-94CB-0C5E8301D7C2}.Debug|Any CPU.ActiveCfg = Debug|Any CPU
		{77AF79A9-CF02-4C03-94CB-0C5E8301D7C2}.Debug|Any CPU.Build.0 = Debug|Any CPU
		{77AF79A9-CF02-4C03-94CB-0C5E8301D7C2}.Release|Any CPU.ActiveCfg = Release|Any CPU
		{77AF79A9-CF02-4C03-94CB-0C5E8301D7C2}.Release|Any CPU.Build.0 = Release|Any CPU
		{7486B53A-05B8-4E47-854D-3219AE89FFD6}.Debug|Any CPU.ActiveCfg = Debug|Any CPU
		{7486B53A-05B8-4E47-854D-3219AE89FFD6}.Debug|Any CPU.Build.0 = Debug|Any CPU
		{7486B53A-05B8-4E47-854D-3219AE89FFD6}.Release|Any CPU.ActiveCfg = Release|Any CPU
		{7486B53A-05B8-4E47-854D-3219AE89FFD6}.Release|Any CPU.Build.0 = Release|Any CPU
		{7FE674F2-C40E-4C83-A575-363840C0ECDC}.Debug|Any CPU.ActiveCfg = Debug|Any CPU
		{7FE674F2-C40E-4C83-A575-363840C0ECDC}.Debug|Any CPU.Build.0 = Debug|Any CPU
		{7FE674F2-C40E-4C83-A575-363840C0ECDC}.Release|Any CPU.ActiveCfg = Release|Any CPU
		{7FE674F2-C40E-4C83-A575-363840C0ECDC}.Release|Any CPU.Build.0 = Release|Any CPU
		{220D60B1-1F2D-441D-A5D2-A5A04177E9B8}.Debug|Any CPU.ActiveCfg = Debug|Any CPU
		{220D60B1-1F2D-441D-A5D2-A5A04177E9B8}.Debug|Any CPU.Build.0 = Debug|Any CPU
		{220D60B1-1F2D-441D-A5D2-A5A04177E9B8}.Release|Any CPU.ActiveCfg = Release|Any CPU
		{220D60B1-1F2D-441D-A5D2-A5A04177E9B8}.Release|Any CPU.Build.0 = Release|Any CPU
	EndGlobalSection
EndGlobal
